<?xml version="1.0" encoding="utf-8"?>
<Project ToolsVersion="4.0" xmlns="http://schemas.microsoft.com/developer/msbuild/2003">
  <ItemGroup>
    <ClCompile Include="Audio.cpp">
      <Filter>Src</Filter>
    </ClCompile>
    <ClCompile Include="Cat.cpp">
      <Filter>Src</Filter>
    </ClCompile>
    <ClCompile Include="Enemy.cpp">
      <Filter>Src</Filter>
    </ClCompile>
    <ClCompile Include="Xbox360Controller.cpp">
      <Filter>Src</Filter>
    </ClCompile>
    <ClCompile Include="Vase.cpp">
      <Filter>Src</Filter>
    </ClCompile>
    <ClCompile Include="Grid.cpp">
      <Filter>Src</Filter>
    </ClCompile>
    <ClCompile Include="Game.cpp">
      <Filter>Src</Filter>
    </ClCompile>
    <ClCompile Include="LevelLoader.cpp">
      <Filter>Src</Filter>
    </ClCompile>
    <ClCompile Include="main.cpp">
      <Filter>Src</Filter>
    </ClCompile>
    <ClCompile Include="Player.cpp">
      <Filter>Src</Filter>
    </ClCompile>
    <ClCompile Include="Tile.cpp">
      <Filter>Src</Filter>
    </ClCompile>
    <ClCompile Include="CollisionManager.cpp">
      <Filter>Src</Filter>
    </ClCompile>
<<<<<<< HEAD
    <ClCompile Include="SoundEmitter.cpp">
      <Filter>Src</Filter>
    </ClCompile>
    <ClCompile Include="Radio.cpp" />
=======
    <ClCompile Include="MainMenu.cpp" />
<<<<<<< HEAD
    <ClCompile Include="Win.cpp" />
    <ClCompile Include="Lose.cpp" />
    <ClCompile Include="Credits.cpp" />
=======
>>>>>>> Aoifesbranch
>>>>>>> master
  </ItemGroup>
  <ItemGroup>
    <ClInclude Include="Cat.h">
      <Filter>Header</Filter>
    </ClInclude>
    <ClInclude Include="Enemy.h">
      <Filter>Header</Filter>
    </ClInclude>
    <ClInclude Include="Game.h">
      <Filter>Header</Filter>
    </ClInclude>
    <ClInclude Include="Grid.h">
      <Filter>Header</Filter>
    </ClInclude>
    <ClInclude Include="LevelLoader.h">
      <Filter>Header</Filter>
    </ClInclude>
    <ClInclude Include="Player.h">
      <Filter>Header</Filter>
    </ClInclude>
    <ClInclude Include="screenSize.h">
      <Filter>Header</Filter>
    </ClInclude>
    <ClInclude Include="Vase.h">
      <Filter>Header</Filter>
    </ClInclude>
    <ClInclude Include="Tile.h">
      <Filter>Header</Filter>
    </ClInclude>
    <ClInclude Include="Xbox360Controller.h">
      <Filter>Header</Filter>
    </ClInclude>
    <ClInclude Include="Audio.h">
      <Filter>Header</Filter>
    </ClInclude>
    <ClInclude Include="CollisionManager.h">
      <Filter>Header</Filter>
    </ClInclude>
<<<<<<< HEAD
    <ClInclude Include="SoundEmitter.h">
      <Filter>Header</Filter>
    </ClInclude>
    <ClInclude Include="Radio.h" />
=======
    <ClInclude Include="MainMenu.h" />
<<<<<<< HEAD
    <ClInclude Include="Win.h" />
    <ClInclude Include="Lose.h" />
    <ClInclude Include="Credits.h" />
=======
>>>>>>> Aoifesbranch
>>>>>>> master
  </ItemGroup>
  <ItemGroup>
    <Image Include="ASSETS\IMAGES\Knuckles.png">
      <Filter>Resources</Filter>
    </Image>
    <Image Include="ASSETS\IMAGES\floor.png">
      <Filter>Resources</Filter>
    </Image>
    <Image Include="ASSETS\IMAGES\wall.png">
      <Filter>Resources</Filter>
    </Image>
    <Image Include="ASSETS\IMAGES\Player Walk1.png">
      <Filter>Resources</Filter>
    </Image>
    <Image Include="ASSETS\IMAGES\Player Walk2.png">
      <Filter>Resources</Filter>
    </Image>
    <Image Include="ASSETS\IMAGES\Player.png">
      <Filter>Resources</Filter>
    </Image>
  </ItemGroup>
  <ItemGroup>
    <Filter Include="Resources">
      <UniqueIdentifier>{c41ffbb1-f0a4-4002-ae99-0aa0d2264da7}</UniqueIdentifier>
    </Filter>
    <Filter Include="Src">
      <UniqueIdentifier>{0f409097-93b6-4082-8a08-05678bb15175}</UniqueIdentifier>
    </Filter>
    <Filter Include="Header">
      <UniqueIdentifier>{8794918c-c5f2-42ed-8314-0d7c5b1721e7}</UniqueIdentifier>
    </Filter>
  </ItemGroup>
  <ItemGroup>
    <Font Include="ASSETS\FONTS\ariblk.ttf">
      <Filter>Resources</Filter>
    </Font>
  </ItemGroup>
</Project>